
Microsoft Visual Studio Solution File, Format Version 12.00
# Visual Studio 15
VisualStudioVersion = 15.0.26730.15
MinimumVisualStudioVersion = 10.0.40219.1
Project("{FAE04EC0-301F-11D3-BF4B-00C04F79EFBC}") = "HexTool", "HexTool\HexTool.csproj", "{2CE11FA6-3EE8-470D-BF39-49C60CDC3D79}"
EndProject
Project("{FAE04EC0-301F-11D3-BF4B-00C04F79EFBC}") = "HexGridControl", "HexGrid\HexGridControl\HexGridControl.csproj", "{942134AC-6EA2-4500-8F22-0F739B70A05F}"
EndProject
Project("{FAE04EC0-301F-11D3-BF4B-00C04F79EFBC}") = "SqliteDatabaseLibrary", "SqliteDatabaseLibrary\SqliteDatabaseLibrary.csproj", "{954E0DF6-2223-41C4-A73E-030239D03CEE}"
EndProject
Global
	GlobalSection(SolutionConfigurationPlatforms) = preSolution
		Debug|Any CPU = Debug|Any CPU
		Debug|x86 = Debug|x86
		Release|Any CPU = Release|Any CPU
		Release|x86 = Release|x86
	EndGlobalSection
	GlobalSection(ProjectConfigurationPlatforms) = postSolution
		{2CE11FA6-3EE8-470D-BF39-49C60CDC3D79}.Debug|Any CPU.ActiveCfg = Debug|Any CPU
		{2CE11FA6-3EE8-470D-BF39-49C60CDC3D79}.Debug|Any CPU.Build.0 = Debug|Any CPU
		{2CE11FA6-3EE8-470D-BF39-49C60CDC3D79}.Debug|x86.ActiveCfg = Debug|Any CPU
		{2CE11FA6-3EE8-470D-BF39-49C60CDC3D79}.Debug|x86.Build.0 = Debug|Any CPU
		{2CE11FA6-3EE8-470D-BF39-49C60CDC3D79}.Release|Any CPU.ActiveCfg = Release|Any CPU
		{2CE11FA6-3EE8-470D-BF39-49C60CDC3D79}.Release|Any CPU.Build.0 = Release|Any CPU
		{2CE11FA6-3EE8-470D-BF39-49C60CDC3D79}.Release|x86.ActiveCfg = Release|Any CPU
		{2CE11FA6-3EE8-470D-BF39-49C60CDC3D79}.Release|x86.Build.0 = Release|Any CPU
		{942134AC-6EA2-4500-8F22-0F739B70A05F}.Debug|Any CPU.ActiveCfg = Debug|Any CPU
		{942134AC-6EA2-4500-8F22-0F739B70A05F}.Debug|Any CPU.Build.0 = Debug|Any CPU
		{942134AC-6EA2-4500-8F22-0F739B70A05F}.Debug|x86.ActiveCfg = Debug|Any CPU
		{942134AC-6EA2-4500-8F22-0F739B70A05F}.Debug|x86.Build.0 = Debug|Any CPU
		{942134AC-6EA2-4500-8F22-0F739B70A05F}.Release|Any CPU.ActiveCfg = Release|Any CPU
		{942134AC-6EA2-4500-8F22-0F739B70A05F}.Release|Any CPU.Build.0 = Release|Any CPU
		{942134AC-6EA2-4500-8F22-0F739B70A05F}.Release|x86.ActiveCfg = Release|Any CPU
		{942134AC-6EA2-4500-8F22-0F739B70A05F}.Release|x86.Build.0 = Release|Any CPU
		{954E0DF6-2223-41C4-A73E-030239D03CEE}.Debug|Any CPU.ActiveCfg = Debug|Any CPU
		{954E0DF6-2223-41C4-A73E-030239D03CEE}.Debug|Any CPU.Build.0 = Debug|Any CPU
		{954E0DF6-2223-41C4-A73E-030239D03CEE}.Debug|x86.ActiveCfg = Debug|x86
		{954E0DF6-2223-41C4-A73E-030239D03CEE}.Debug|x86.Build.0 = Debug|x86
		{954E0DF6-2223-41C4-A73E-030239D03CEE}.Release|Any CPU.ActiveCfg = Release|Any CPU
		{954E0DF6-2223-41C4-A73E-030239D03CEE}.Release|Any CPU.Build.0 = Release|Any CPU
		{954E0DF6-2223-41C4-A73E-030239D03CEE}.Release|x86.ActiveCfg = Release|x86
		{954E0DF6-2223-41C4-A73E-030239D03CEE}.Release|x86.Build.0 = Release|x86
	EndGlobalSection
	GlobalSection(SolutionProperties) = preSolution
		HideSolutionNode = FALSE
	EndGlobalSection
	GlobalSection(ExtensibilityGlobals) = postSolution
		SolutionGuid = {8B780B58-1AF9-411D-BFBE-EC9110EF02E3}
	EndGlobalSection
EndGlobal
